
Microsoft Visual Studio Solution File, Format Version 12.00
# Visual Studio 15
VisualStudioVersion = 15.0.26124.0
MinimumVisualStudioVersion = 15.0.26124.0
Project("{2150E333-8FDC-42A3-9474-1A3956D46DE8}") = "src", "src", "{8D74F9AB-E3CE-41B2-BF72-FFF95DA4CC0A}"
EndProject
Project("{9A19103F-16F7-4668-BE54-9A1E7A4F7556}") = "Console.Abstractions", "src\Console.Abstractions\Console.Abstractions.csproj", "{2CE57BC6-BB83-4015-9BDD-53248DA97773}"
EndProject
Project("{2150E333-8FDC-42A3-9474-1A3956D46DE8}") = "test", "test", "{EE35554F-F8E6-457B-87B6-852412DFD4F1}"
EndProject
Project("{9A19103F-16F7-4668-BE54-9A1E7A4F7556}") = "Console.Abstractions.Tests", "test\Console.Abstractions.Tests\Console.Abstractions.Tests.csproj", "{4D8F2729-18D9-40D8-B9A4-AA2553814D0B}"
EndProject
Project("{2150E333-8FDC-42A3-9474-1A3956D46DE8}") = "examples", "examples", "{63FFE4A7-5297-4ED9-B46E-8D2A215AD9E3}"
EndProject
Project("{9A19103F-16F7-4668-BE54-9A1E7A4F7556}") = "Example.Runner", "examples\Example.Runner\Example.Runner.csproj", "{49FE5A2D-C0E7-4E4E-A313-2E31E1590789}"
EndProject
Project("{FAE04EC0-301F-11D3-BF4B-00C04F79EFBC}") = "Example.Core", "examples\Example.Core\Example.Core.csproj", "{EAE362ED-FC60-483C-B87C-D918E032732E}"
EndProject
Project("{FAE04EC0-301F-11D3-BF4B-00C04F79EFBC}") = "Example.MovingText", "examples\Example.MovingText\Example.MovingText.csproj", "{645C8968-A6B4-44ED-B3E0-2179AC9163FE}"
EndProject
Project("{FAE04EC0-301F-11D3-BF4B-00C04F79EFBC}") = "Example.BouncingBox", "examples\Example.BouncingBox\Example.BouncingBox.csproj", "{97E3CAD5-36E1-407C-90D3-89B844A41412}"
EndProject
Global
	GlobalSection(SolutionConfigurationPlatforms) = preSolution
		Debug|Any CPU = Debug|Any CPU
		Debug|x64 = Debug|x64
		Debug|x86 = Debug|x86
		Release|Any CPU = Release|Any CPU
		Release|x64 = Release|x64
		Release|x86 = Release|x86
	EndGlobalSection
	GlobalSection(ProjectConfigurationPlatforms) = postSolution
		{2CE57BC6-BB83-4015-9BDD-53248DA97773}.Debug|Any CPU.ActiveCfg = Debug|Any CPU
		{2CE57BC6-BB83-4015-9BDD-53248DA97773}.Debug|Any CPU.Build.0 = Debug|Any CPU
		{2CE57BC6-BB83-4015-9BDD-53248DA97773}.Debug|x64.ActiveCfg = Debug|Any CPU
		{2CE57BC6-BB83-4015-9BDD-53248DA97773}.Debug|x64.Build.0 = Debug|Any CPU
		{2CE57BC6-BB83-4015-9BDD-53248DA97773}.Debug|x86.ActiveCfg = Debug|Any CPU
		{2CE57BC6-BB83-4015-9BDD-53248DA97773}.Debug|x86.Build.0 = Debug|Any CPU
		{2CE57BC6-BB83-4015-9BDD-53248DA97773}.Release|Any CPU.ActiveCfg = Release|Any CPU
		{2CE57BC6-BB83-4015-9BDD-53248DA97773}.Release|Any CPU.Build.0 = Release|Any CPU
		{2CE57BC6-BB83-4015-9BDD-53248DA97773}.Release|x64.ActiveCfg = Release|Any CPU
		{2CE57BC6-BB83-4015-9BDD-53248DA97773}.Release|x64.Build.0 = Release|Any CPU
		{2CE57BC6-BB83-4015-9BDD-53248DA97773}.Release|x86.ActiveCfg = Release|Any CPU
		{2CE57BC6-BB83-4015-9BDD-53248DA97773}.Release|x86.Build.0 = Release|Any CPU
		{4D8F2729-18D9-40D8-B9A4-AA2553814D0B}.Debug|Any CPU.ActiveCfg = Debug|Any CPU
		{4D8F2729-18D9-40D8-B9A4-AA2553814D0B}.Debug|Any CPU.Build.0 = Debug|Any CPU
		{4D8F2729-18D9-40D8-B9A4-AA2553814D0B}.Debug|x64.ActiveCfg = Debug|Any CPU
		{4D8F2729-18D9-40D8-B9A4-AA2553814D0B}.Debug|x64.Build.0 = Debug|Any CPU
		{4D8F2729-18D9-40D8-B9A4-AA2553814D0B}.Debug|x86.ActiveCfg = Debug|Any CPU
		{4D8F2729-18D9-40D8-B9A4-AA2553814D0B}.Debug|x86.Build.0 = Debug|Any CPU
		{4D8F2729-18D9-40D8-B9A4-AA2553814D0B}.Release|Any CPU.ActiveCfg = Release|Any CPU
		{4D8F2729-18D9-40D8-B9A4-AA2553814D0B}.Release|Any CPU.Build.0 = Release|Any CPU
		{4D8F2729-18D9-40D8-B9A4-AA2553814D0B}.Release|x64.ActiveCfg = Release|Any CPU
		{4D8F2729-18D9-40D8-B9A4-AA2553814D0B}.Release|x64.Build.0 = Release|Any CPU
		{4D8F2729-18D9-40D8-B9A4-AA2553814D0B}.Release|x86.ActiveCfg = Release|Any CPU
		{4D8F2729-18D9-40D8-B9A4-AA2553814D0B}.Release|x86.Build.0 = Release|Any CPU
		{49FE5A2D-C0E7-4E4E-A313-2E31E1590789}.Debug|Any CPU.ActiveCfg = Debug|Any CPU
		{49FE5A2D-C0E7-4E4E-A313-2E31E1590789}.Debug|Any CPU.Build.0 = Debug|Any CPU
		{49FE5A2D-C0E7-4E4E-A313-2E31E1590789}.Debug|x64.ActiveCfg = Debug|Any CPU
		{49FE5A2D-C0E7-4E4E-A313-2E31E1590789}.Debug|x64.Build.0 = Debug|Any CPU
		{49FE5A2D-C0E7-4E4E-A313-2E31E1590789}.Debug|x86.ActiveCfg = Debug|Any CPU
		{49FE5A2D-C0E7-4E4E-A313-2E31E1590789}.Debug|x86.Build.0 = Debug|Any CPU
		{49FE5A2D-C0E7-4E4E-A313-2E31E1590789}.Release|Any CPU.ActiveCfg = Release|Any CPU
		{49FE5A2D-C0E7-4E4E-A313-2E31E1590789}.Release|Any CPU.Build.0 = Release|Any CPU
		{49FE5A2D-C0E7-4E4E-A313-2E31E1590789}.Release|x64.ActiveCfg = Release|Any CPU
		{49FE5A2D-C0E7-4E4E-A313-2E31E1590789}.Release|x64.Build.0 = Release|Any CPU
		{49FE5A2D-C0E7-4E4E-A313-2E31E1590789}.Release|x86.ActiveCfg = Release|Any CPU
		{49FE5A2D-C0E7-4E4E-A313-2E31E1590789}.Release|x86.Build.0 = Release|Any CPU
		{EAE362ED-FC60-483C-B87C-D918E032732E}.Debug|Any CPU.ActiveCfg = Debug|Any CPU
		{EAE362ED-FC60-483C-B87C-D918E032732E}.Debug|Any CPU.Build.0 = Debug|Any CPU
		{EAE362ED-FC60-483C-B87C-D918E032732E}.Debug|x64.ActiveCfg = Debug|Any CPU
		{EAE362ED-FC60-483C-B87C-D918E032732E}.Debug|x64.Build.0 = Debug|Any CPU
		{EAE362ED-FC60-483C-B87C-D918E032732E}.Debug|x86.ActiveCfg = Debug|Any CPU
		{EAE362ED-FC60-483C-B87C-D918E032732E}.Debug|x86.Build.0 = Debug|Any CPU
		{EAE362ED-FC60-483C-B87C-D918E032732E}.Release|Any CPU.ActiveCfg = Release|Any CPU
		{EAE362ED-FC60-483C-B87C-D918E032732E}.Release|Any CPU.Build.0 = Release|Any CPU
		{EAE362ED-FC60-483C-B87C-D918E032732E}.Release|x64.ActiveCfg = Release|Any CPU
		{EAE362ED-FC60-483C-B87C-D918E032732E}.Release|x64.Build.0 = Release|Any CPU
		{EAE362ED-FC60-483C-B87C-D918E032732E}.Release|x86.ActiveCfg = Release|Any CPU
		{EAE362ED-FC60-483C-B87C-D918E032732E}.Release|x86.Build.0 = Release|Any CPU
		{645C8968-A6B4-44ED-B3E0-2179AC9163FE}.Debug|Any CPU.ActiveCfg = Debug|Any CPU
		{645C8968-A6B4-44ED-B3E0-2179AC9163FE}.Debug|Any CPU.Build.0 = Debug|Any CPU
		{645C8968-A6B4-44ED-B3E0-2179AC9163FE}.Debug|x64.ActiveCfg = Debug|Any CPU
		{645C8968-A6B4-44ED-B3E0-2179AC9163FE}.Debug|x64.Build.0 = Debug|Any CPU
		{645C8968-A6B4-44ED-B3E0-2179AC9163FE}.Debug|x86.ActiveCfg = Debug|Any CPU
		{645C8968-A6B4-44ED-B3E0-2179AC9163FE}.Debug|x86.Build.0 = Debug|Any CPU
		{645C8968-A6B4-44ED-B3E0-2179AC9163FE}.Release|Any CPU.ActiveCfg = Release|Any CPU
		{645C8968-A6B4-44ED-B3E0-2179AC9163FE}.Release|Any CPU.Build.0 = Release|Any CPU
		{645C8968-A6B4-44ED-B3E0-2179AC9163FE}.Release|x64.ActiveCfg = Release|Any CPU
		{645C8968-A6B4-44ED-B3E0-2179AC9163FE}.Release|x64.Build.0 = Release|Any CPU
		{645C8968-A6B4-44ED-B3E0-2179AC9163FE}.Release|x86.ActiveCfg = Release|Any CPU
		{645C8968-A6B4-44ED-B3E0-2179AC9163FE}.Release|x86.Build.0 = Release|Any CPU
		{97E3CAD5-36E1-407C-90D3-89B844A41412}.Debug|Any CPU.ActiveCfg = Debug|Any CPU
		{97E3CAD5-36E1-407C-90D3-89B844A41412}.Debug|Any CPU.Build.0 = Debug|Any CPU
		{97E3CAD5-36E1-407C-90D3-89B844A41412}.Debug|x64.ActiveCfg = Debug|Any CPU
		{97E3CAD5-36E1-407C-90D3-89B844A41412}.Debug|x64.Build.0 = Debug|Any CPU
		{97E3CAD5-36E1-407C-90D3-89B844A41412}.Debug|x86.ActiveCfg = Debug|Any CPU
		{97E3CAD5-36E1-407C-90D3-89B844A41412}.Debug|x86.Build.0 = Debug|Any CPU
		{97E3CAD5-36E1-407C-90D3-89B844A41412}.Release|Any CPU.ActiveCfg = Release|Any CPU
		{97E3CAD5-36E1-407C-90D3-89B844A41412}.Release|Any CPU.Build.0 = Release|Any CPU
		{97E3CAD5-36E1-407C-90D3-89B844A41412}.Release|x64.ActiveCfg = Release|Any CPU
		{97E3CAD5-36E1-407C-90D3-89B844A41412}.Release|x64.Build.0 = Release|Any CPU
		{97E3CAD5-36E1-407C-90D3-89B844A41412}.Release|x86.ActiveCfg = Release|Any CPU
		{97E3CAD5-36E1-407C-90D3-89B844A41412}.Release|x86.Build.0 = Release|Any CPU
	EndGlobalSection
	GlobalSection(SolutionProperties) = preSolution
		HideSolutionNode = FALSE
	EndGlobalSection
	GlobalSection(NestedProjects) = preSolution
		{2CE57BC6-BB83-4015-9BDD-53248DA97773} = {8D74F9AB-E3CE-41B2-BF72-FFF95DA4CC0A}
		{4D8F2729-18D9-40D8-B9A4-AA2553814D0B} = {EE35554F-F8E6-457B-87B6-852412DFD4F1}
		{49FE5A2D-C0E7-4E4E-A313-2E31E1590789} = {63FFE4A7-5297-4ED9-B46E-8D2A215AD9E3}
		{EAE362ED-FC60-483C-B87C-D918E032732E} = {63FFE4A7-5297-4ED9-B46E-8D2A215AD9E3}
		{645C8968-A6B4-44ED-B3E0-2179AC9163FE} = {63FFE4A7-5297-4ED9-B46E-8D2A215AD9E3}
		{97E3CAD5-36E1-407C-90D3-89B844A41412} = {63FFE4A7-5297-4ED9-B46E-8D2A215AD9E3}
	EndGlobalSection
	GlobalSection(ExtensibilityGlobals) = postSolution
		SolutionGuid = {33AC9D9A-A9B7-4694-9872-D27CA94267D7}
	EndGlobalSection
EndGlobal
